
Microsoft Visual Studio Solution File, Format Version 12.00
# Visual Studio Version 17
VisualStudioVersion = 17.1.32414.318
MinimumVisualStudioVersion = 10.0.40219.1
Project("{9A19103F-16F7-4668-BE54-9A1E7A4F7556}") = "adonet", "adonet.csproj", "{66B876D0-07DF-473E-878E-370532B1753E}"
EndProject
Project("{2150E333-8FDC-42A3-9474-1A3956D46DE8}") = "Solution Items", "Solution Items", "{D0416532-FD41-4212-B5B6-7ABCA936B4F3}"
	ProjectSection(SolutionItems) = preProject
		appsettings.json = appsettings.json
	EndProjectSection
EndProject
Global
	GlobalSection(SolutionConfigurationPlatforms) = preSolution
		Debug|Any CPU = Debug|Any CPU
		Release|Any CPU = Release|Any CPU
	EndGlobalSection
	GlobalSection(ProjectConfigurationPlatforms) = postSolution
		{66B876D0-07DF-473E-878E-370532B1753E}.Debug|Any CPU.ActiveCfg = Debug|Any CPU
		{66B876D0-07DF-473E-878E-370532B1753E}.Debug|Any CPU.Build.0 = Debug|Any CPU
		{66B876D0-07DF-473E-878E-370532B1753E}.Release|Any CPU.ActiveCfg = Release|Any CPU
		{66B876D0-07DF-473E-878E-370532B1753E}.Release|Any CPU.Build.0 = Release|Any CPU
	EndGlobalSection
	GlobalSection(SolutionProperties) = preSolution
		HideSolutionNode = FALSE
	EndGlobalSection
	GlobalSection(ExtensibilityGlobals) = postSolution
		SolutionGuid = {D596F494-E848-4DE5-BCEE-7A2F72B00F44}
	EndGlobalSection
EndGlobal
